
Microsoft Visual Studio Solution File, Format Version 12.00
# Visual Studio Version 17
VisualStudioVersion = 17.6.33815.320
MinimumVisualStudioVersion = 10.0.40219.1
Project("{9A19103F-16F7-4668-BE54-9A1E7A4F7556}") = "WebArcade", "WebArcade.csproj", "{8B8B1424-02EE-4138-82C1-163CD3DC966E}"
EndProject
Global
	GlobalSection(SolutionConfigurationPlatforms) = preSolution
		Debug|Any CPU = Debug|Any CPU
		Release|Any CPU = Release|Any CPU
	EndGlobalSection
	GlobalSection(ProjectConfigurationPlatforms) = postSolution
		{8B8B1424-02EE-4138-82C1-163CD3DC966E}.Debug|Any CPU.ActiveCfg = Debug|Any CPU
		{8B8B1424-02EE-4138-82C1-163CD3DC966E}.Debug|Any CPU.Build.0 = Debug|Any CPU
		{8B8B1424-02EE-4138-82C1-163CD3DC966E}.Release|Any CPU.ActiveCfg = Release|Any CPU
		{8B8B1424-02EE-4138-82C1-163CD3DC966E}.Release|Any CPU.Build.0 = Release|Any CPU
	EndGlobalSection
	GlobalSection(SolutionProperties) = preSolution
		HideSolutionNode = FALSE
	EndGlobalSection
	GlobalSection(ExtensibilityGlobals) = postSolution
		SolutionGuid = {F40F7C20-EBD0-4BE7-AD36-649A1ECA8FF7}
	EndGlobalSection
EndGlobal
